<?xml version="1.0" encoding="utf-8"?>
<Project ToolsVersion="4.0" xmlns="http://schemas.microsoft.com/developer/msbuild/2003">
  <ItemGroup>
    <Filter Include="源文件">
      <UniqueIdentifier>{4FC737F1-C7A5-4376-A066-2A32D752A2FF}</UniqueIdentifier>
      <Extensions>cpp;c;cc;cxx;c++;cppm;ixx;def;odl;idl;hpj;bat;asm;asmx</Extensions>
    </Filter>
    <Filter Include="头文件">
      <UniqueIdentifier>{93995380-89BD-4b04-88EB-625FBE52EBFB}</UniqueIdentifier>
      <Extensions>h;hh;hpp;hxx;h++;hm;inl;inc;ipp;xsd</Extensions>
    </Filter>
    <Filter Include="Common">
      <UniqueIdentifier>{1c7049e2-ff32-4e34-9944-eebf0b0792f2}</UniqueIdentifier>
    </Filter>
    <Filter Include="IOC">
      <UniqueIdentifier>{a1234567-1111-2222-3333-abcdef000001}</UniqueIdentifier>
    </Filter>
    <Filter Include="IOA">
      <UniqueIdentifier>{a1234567-1111-2222-3333-abcdef000002}</UniqueIdentifier>
    </Filter>
    <Filter Include="IOA\Tier1">
      <UniqueIdentifier>{a1234567-1111-2222-3333-abcdef100001}</UniqueIdentifier>
    </Filter>
    <Filter Include="IOA\Tier2">
      <UniqueIdentifier>{a1234567-1111-2222-3333-abcdef100002}</UniqueIdentifier>
    </Filter>
    <Filter Include="IOA\Tier3">
      <UniqueIdentifier>{a1234567-1111-2222-3333-abcdef100003}</UniqueIdentifier>
    </Filter>
    <Filter Include="IOA\PatternDetector">
      <UniqueIdentifier>{a1234567-1111-2222-3333-abcdef100007}</UniqueIdentifier>
    </Filter>
    <Filter Include="PolicyEngine">
      <UniqueIdentifier>{a1234567-1111-2222-3333-abcdef000003}</UniqueIdentifier>
    </Filter>
    <Filter Include="Storage">
      <UniqueIdentifier>{a1234567-1111-2222-3333-abcdef000004}</UniqueIdentifier>
    </Filter>
    <Filter Include="Notification">
      <UniqueIdentifier>{a1234567-1111-2222-3333-abcdef000005}</UniqueIdentifier>
    </Filter>
    <Filter Include="Orchestrator">
      <UniqueIdentifier>{f806395f-ca8e-4add-b0b2-90d613e8f844}</UniqueIdentifier>
    </Filter>
    <Filter Include="Memory">
      <UniqueIdentifier>{f806395f-ca8e-4add-b0b2-90d613e8f845}</UniqueIdentifier>
    </Filter>
    <Filter Include="Driver">
      <UniqueIdentifier>{f806395f-ca8e-4add-b0b2-90d613e8f846}</UniqueIdentifier>
    </Filter>
    <Filter Include="IOC\PEAnalyzer">
      <UniqueIdentifier>{a1234567-1111-2222-3333-abcdef000006}</UniqueIdentifier>
    </Filter>
    <Filter Include="IOC\Signature">
      <UniqueIdentifier>{a1234567-1111-2222-3333-abcdef000007}</UniqueIdentifier>
    </Filter>
    <Filter Include="IOC\ImageAnalyzer">
      <UniqueIdentifier>{a1234567-1111-2222-3333-abcdef000008}</UniqueIdentifier>
    </Filter>
    <Filter Include="Common\Exempts">
      <UniqueIdentifier>{a1234567-1111-2222-3333-abcdef100004}</UniqueIdentifier>
    </Filter>
    <Filter Include="Process">
      <UniqueIdentifier>{a1234567-1111-2222-3333-abcdef100005}</UniqueIdentifier>
    </Filter>
    <Filter Include="AccessControl">
      <UniqueIdentifier>{a1234567-1111-2222-3333-abcdef100006}</UniqueIdentifier>
    </Filter>
    <Filter Include="Registry">
      <UniqueIdentifier>{a1234567-1111-2222-3333-abcdef100008}</UniqueIdentifier>
    </Filter>
    <Filter Include="ETW">
      <UniqueIdentifier>{a1234567-1111-2222-3333-abcdef100009}</UniqueIdentifier>
    </Filter>
    <Filter Include="AntiEvasio">
      <UniqueIdentifier>{763C8545-0930-4275-A5B6-BCE2D2F8E5AE}</UniqueIdentifier>
    </Filter>
    <Filter Include="FileSystem">
      <UniqueIdentifier>{a1234567-1111-2222-3333-abcdef100010}</UniqueIdentifier>
    </Filter>
  </ItemGroup>
  <ItemGroup>
    <ClCompile Include="CmdLineAnalyzer.c">
      <Filter>源文件</Filter>
    </ClCompile>
    <ClCompile Include="TokenAnalyzer.c">
      <Filter>源文件</Filter>
    </ClCompile>
    <ClCompile Include="main.c">
      <Filter>源文件</Filter>
    </ClCompile>
    <ClCompile Include="FileSystem\DirectoryMonitor.c">
      <Filter>FileSystem</Filter>
    </ClCompile>
    <ClCompile Include="FileSystem\FileLockManager.c">
      <Filter>FileSystem</Filter>
    </ClCompile>
    <ClCompile Include="FileSystem\MountPointMonitor.c">
      <Filter>FileSystem</Filter>
    </ClCompile>
    <ClCompile Include="process_manager.c">
      <Filter>源文件</Filter>
    </ClCompile>
    <ClCompile Include="log_manager.c">
      <Filter>源文件</Filter>
    </ClCompile>
    <ClCompile Include="system_manager.c">
      <Filter>源文件</Filter>
    </ClCompile>
    <ClCompile Include="tools.c">
      <Filter>源文件</Filter>
    </ClCompile>
    <ClCompile Include="NetworkFootprint.c">
      <Filter>源文件</Filter>
    </ClCompile>
    <ClCompile Include="ProcessThreads.c">
      <Filter>源文件</Filter>
    </ClCompile>
    <ClCompile Include="ProcessAnalyzer_DeadCode.c">
      <Filter>源文件</Filter>
    </ClCompile>
    <ClCompile Include="Common\Utils.c">
      <Filter>Common</Filter>
    </ClCompile>
    <ClCompile Include="Common\FileUtils.c">
      <Filter>Common</Filter>
    </ClCompile>
    <ClCompile Include="Common\YaraUtils.c">
      <Filter>Common</Filter>
    </ClCompile>
    <ClCompile Include="Common\HashMap.c">
      <Filter>Common</Filter>
    </ClCompile>
    <ClCompile Include="Common\TextSanitize.c">
      <Filter>Common</Filter>
    </ClCompile>
    <ClCompile Include="Common\PathUtil.c">
      <Filter>Common</Filter>
    </ClCompile>
    <ClCompile Include="Common\BCrypUtils.c">
      <Filter>Common</Filter>
    </ClCompile>
    <ClCompile Include="IOC\IocEngine.c">
      <Filter>IOC</Filter>
    </ClCompile>
    <ClCompile Include="IOC\IocMatcher.c">
      <Filter>IOC</Filter>
    </ClCompile>
    <ClCompile Include="IOC\IocMatcherMatch.c">
      <Filter>IOC</Filter>
    </ClCompile>
    <ClCompile Include="IOC\IocScanner.c">
      <Filter>IOC</Filter>
    </ClCompile>
    <ClCompile Include="IOC\Signature\SignatureCache.c">
      <Filter>IOC\Signature</Filter>
    </ClCompile>
    <ClCompile Include="IOC\Signature\SignatureCatalog.c">
      <Filter>IOC\Signature</Filter>
    </ClCompile>
    <ClCompile Include="IOC\Signature\SignatureDetails.c">
      <Filter>IOC\Signature</Filter>
    </ClCompile>
    <ClCompile Include="IOC\Signature\SignatureHunting.c">
      <Filter>IOC\Signature</Filter>
    </ClCompile>
    <ClCompile Include="IOC\Signature\SignatureReputation.c">
      <Filter>IOC\Signature</Filter>
    </ClCompile>
    <ClCompile Include="IOC\Signature\SignatureVerifier.c">
      <Filter>IOC\Signature</Filter>
    </ClCompile>
    <ClCompile Include="IOC\IocCertUtils.c">
      <Filter>IOC</Filter>
    </ClCompile>
    <ClCompile Include="IOC\ImageAnalyzer\ImageAnalyzer.c">
      <Filter>IOC\ImageAnalyzer</Filter>
    </ClCompile>
    <ClCompile Include="IOC\IocYaraScanner.c">
      <Filter>IOC</Filter>
    </ClCompile>
    <ClCompile Include="IOC\StringExtractor.c">
      <Filter>IOC</Filter>
    </ClCompile>
    <ClCompile Include="IOC\IocKnownDll.c">
      <Filter>IOC</Filter>
    </ClCompile>
    <ClCompile Include="IOC\IocRegistryVector.c">
      <Filter>IOC</Filter>
    </ClCompile>
    <!-- Exempts 排除子系统 (SS Whitelist 重构 2026-08-14, 档案 #67, 仿驱动门面架构) -->
    <ClCompile Include="Common\Exempts\Exempts.c">
      <Filter>Common\Exempts</Filter>
    </ClCompile>
    <ClCompile Include="Common\Exempts\ExemptsManager.c">
      <Filter>Common\Exempts</Filter>
    </ClCompile>
    <ClCompile Include="Common\Exempts\ExemptHash.c">
      <Filter>Common\Exempts</Filter>
    </ClCompile>
    <ClCompile Include="Common\Exempts\ExemptPath.c">
      <Filter>Common\Exempts</Filter>
    </ClCompile>
    <ClCompile Include="Common\Exempts\ExemptCert.c">
      <Filter>Common\Exempts</Filter>
    </ClCompile>
    <ClCompile Include="Common\Exempts\ExemptPush.c">
      <Filter>Common\Exempts</Filter>
    </ClCompile>
    <ClCompile Include="Common\Exempts\ExemptInjection.c">
      <Filter>Common\Exempts</Filter>
    </ClCompile>
    <ClCompile Include="Common\Exempts\ExemptProcess.c">
      <Filter>Common\Exempts</Filter>
    </ClCompile>
    <ClCompile Include="IOA\IoaInjectionClassifier.c">
      <Filter>IOA</Filter>
    </ClCompile>
    <ClCompile Include="IOA\IoaRansomwareDetect.c">
      <Filter>IOA</Filter>
    </ClCompile>
    <ClCompile Include="IOA\IoaHeapSprayDetect.c">
      <Filter>IOA</Filter>
    </ClCompile>
    <ClCompile Include="IOA\IoaVadTracker.c">
      <Filter>IOA</Filter>
    </ClCompile>
    <ClCompile Include="IOA\IoaRopDetect.c">
      <Filter>IOA</Filter>
    </ClCompile>
    <ClCompile Include="IOA\IoaPersistenceDetect.c">
      <Filter>IOA</Filter>
    </ClCompile>
    <ClCompile Include="IOA\IoaCredentialDetect.c">
      <Filter>IOA</Filter>
    </ClCompile>
    <ClCompile Include="IOA\IoaC2Detect.c">
      <Filter>IOA</Filter>
    </ClCompile>
    <ClCompile Include="IOA\IoaEvasionDetect.c">
      <Filter>IOA</Filter>
    </ClCompile>
    <ClCompile Include="IOA\IoaExfilDetect.c">
      <Filter>IOA</Filter>
    </ClCompile>
    <ClCompile Include="IOA\IoaLateralDetect.c">
      <Filter>IOA</Filter>
    </ClCompile>
    <ClCompile Include="IOA\PatternDetector\LpePatternDetector.c">
      <Filter>IOA\PatternDetector</Filter>
    </ClCompile>
    <ClCompile Include="IOA\PatternDetector\KedPatternDetector.c">
      <Filter>IOA\PatternDetector</Filter>
    </ClCompile>
    <ClCompile Include="IOA\PatternDetector\RopPatternDetector.c">
      <Filter>IOA\PatternDetector</Filter>
    </ClCompile>
    <ClCompile Include="IOA\PatternDetector\RopPatternDetectorHost.c">
      <Filter>IOA\PatternDetector</Filter>
    </ClCompile>
    <ClCompile Include="IOA\PatternDetector\SpdPatternDetector.c">
      <Filter>IOA\PatternDetector</Filter>
    </ClCompile>
    <ClCompile Include="IOA\PatternDetector\HeapSprayPatternDetector.c">
      <Filter>IOA\PatternDetector</Filter>
    </ClCompile>
    <ClCompile Include="IOA\PatternDetector\BufferOverflowPatternDetector.c">
      <Filter>IOA\PatternDetector</Filter>
    </ClCompile>
    <ClCompile Include="IOA\PatternDetector\JitSprayPatternDetector.c">
      <Filter>IOA\PatternDetector</Filter>
    </ClCompile>
    <ClCompile Include="IOA\IoaEngine.c">
      <Filter>IOA</Filter>
    </ClCompile>
    <ClCompile Include="IOA\Tier2\IoaFsmEngine.c">
      <Filter>IOA\Tier2</Filter>
    </ClCompile>
    <ClCompile Include="Process\ProcessTree.c">
      <Filter>Process</Filter>
    </ClCompile>
    <ClCompile Include="Process\ProcessSnapshot.c">
      <Filter>Process</Filter>
    </ClCompile>
    <ClCompile Include="Process\ProcessThread.c">
      <Filter>Process</Filter>
    </ClCompile>
    <ClCompile Include="Process\ProcessModule.c">
      <Filter>Process</Filter>
    </ClCompile>
    <ClCompile Include="Process\DllInjectionDetector.c">
      <Filter>Process</Filter>
    </ClCompile>
    <ClCompile Include="Process\ReflectiveInjectionDetector.c">
      <Filter>Process</Filter>
    </ClCompile>
    <ClCompile Include="Process\ProcessHollowingDetector.c">
      <Filter>Process</Filter>
    </ClCompile>
    <ClCompile Include="IOA\IoaGraphRingBuffer.c">
      <Filter>IOA</Filter>
    </ClCompile>
    <ClCompile Include="IOA\IoaCarsalGraph.c">
      <Filter>IOA</Filter>
    </ClCompile>
    <ClCompile Include="IOA\Tier3\IoaGraphMatcher.c">
      <Filter>IOA\Tier3</Filter>
    </ClCompile>
    <ClCompile Include="IOA\Tier3\IoaGraphWalker.c">
      <Filter>IOA\Tier3</Filter>
    </ClCompile>
    <ClCompile Include="IOA\Tier1\IoaRateAnalyzer.c">
      <Filter>IOA\Tier1</Filter>
    </ClCompile>
    <ClCompile Include="IOA\IoaThreatScorer.c">
      <Filter>IOA</Filter>
    </ClCompile>
    <ClCompile Include="IOA\IoaMitreDetection.c">
      <Filter>IOA</Filter>
    </ClCompile>
    <ClCompile Include="IOA\IoaPersistQueue.c">
      <Filter>IOA</Filter>
    </ClCompile>
    <ClCompile Include="IOA\Tier1\Tier1Engine.c">
      <Filter>IOA\Tier1</Filter>
    </ClCompile>
    <ClCompile Include="IOA\Tier2\IoaTier2Backtrack.c">
      <Filter>IOA\Tier2</Filter>
    </ClCompile>
    <ClCompile Include="PolicyEngine\PolicyEngine.c">
      <Filter>PolicyEngine</Filter>
    </ClCompile>
    <ClCompile Include="Storage\StorageEngine.c">
      <Filter>Storage</Filter>
    </ClCompile>
    <ClCompile Include="Storage\YaraRule.c">
      <Filter>Storage</Filter>
    </ClCompile>
    <ClCompile Include="Notification\AlpcService.c">
      <Filter>Notification</Filter>
    </ClCompile>
    <ClCompile Include="Notification\msg_queue.c">
      <Filter>Notification</Filter>
    </ClCompile>
    <ClCompile Include="Notification\NotificationService.c">
      <Filter>Notification</Filter>
    </ClCompile>
    <ClCompile Include="Notification\pipe_server.c">
      <Filter>Notification</Filter>
    </ClCompile>
    <ClCompile Include="Notification\EventParser.c">
      <Filter>Notification</Filter>
    </ClCompile>
    <ClCompile Include="Notification\EventArchive.c">
      <Filter>Notification</Filter>
    </ClCompile>
    <ClCompile Include="Orchestrator\Engine.c">
      <Filter>Orchestrator</Filter>
    </ClCompile>
    <ClCompile Include="Orchestrator\VerdictEngine.c">
      <Filter>Orchestrator</Filter>
    </ClCompile>
    <ClCompile Include="IOA\IoaEdgeAggregate.c">
      <Filter>IOA</Filter>
    </ClCompile>
    <ClCompile Include="IOA\IoaProcessPair.c">
      <Filter>IOA</Filter>
    </ClCompile>
    <ClCompile Include="IOA\PairAnalysisContext.c">
      <Filter>IOA</Filter>
    </ClCompile>
    <ClCompile Include="IOA\Tier3\Tier3Engine.c">
      <Filter>IOA\Tier3</Filter>
    </ClCompile>
    <ClCompile Include="IOA\Tier3\Tier3Forensics.c">
      <Filter>IOA\Tier3</Filter>
    </ClCompile>
    <ClCompile Include="IOA\Tier3\T3AttackChain.c">
      <Filter>IOA\Tier3</Filter>
    </ClCompile>
    <ClCompile Include="IOA\Tier3\CausalInference.c">
      <Filter>IOA\Tier3</Filter>
    </ClCompile>
    <ClCompile Include="IOA\Tier3\CausalAnalyzer.c">
      <Filter>IOA\Tier3</Filter>
    </ClCompile>
    <ClCompile Include="Memory\MemorySignature.c">
      <Filter>Memory</Filter>
    </ClCompile>
    <ClCompile Include="Memory\MemoryScan.c">
      <Filter>Memory</Filter>
    </ClCompile>
    <ClCompile Include="Notification\YaraScanPort.c">
      <Filter>Notification</Filter>
    </ClCompile>
    <ClCompile Include="Driver\Install.c">
      <Filter>Driver</Filter>
    </ClCompile>
    <ClCompile Include="IOC\PEAnalyzer\PeUnpack.c">
      <Filter>IOC\PEAnalyzer</Filter>
    </ClCompile>
    <ClCompile Include="ScanManager.c">
      <Filter>源文件</Filter>
    </ClCompile>
    <ClCompile Include="FileSystem\FileAnalyzer.c">
      <Filter>FileSystem</Filter>
    </ClCompile>
    <ClCompile Include="IOC\IocScriptScanner.c">
      <Filter>IOC</Filter>
    </ClCompile>
    <ClCompile Include="IOC\IocPolymorphicDetector.c">
      <Filter>IOC</Filter>
    </ClCompile>
    <ClCompile Include="IOC\IocZeroDayDetector.c">
      <Filter>IOC</Filter>
    </ClCompile>
    <ClCompile Include="IOC\IocEmulationEngine.c">
      <Filter>IOC</Filter>
    </ClCompile>
    <ClCompile Include="IOC\IocSandboxAnalyzer.c">
      <Filter>IOC</Filter>
    </ClCompile>
    <ClCompile Include="IOC\IocArchiveScanner.c">
      <Filter>IOC</Filter>
    </ClCompile>
    <ClCompile Include="IOC\IocProcessEnrich.c">
      <Filter>IOC</Filter>
    </ClCompile>
    <ClCompile Include="IOC\PEAnalyzer\PeAnalyzer.c">
      <Filter>IOC\PEAnalyzer</Filter>
    </ClCompile>
    <ClCompile Include="IOC\PEAnalyzer\PeLazy.c">
      <Filter>IOC\PEAnalyzer</Filter>
    </ClCompile>
    <ClCompile Include="IOC\PEAnalyzer\PeParser.c">
      <Filter>IOC\PEAnalyzer</Filter>
    </ClCompile>
    <ClCompile Include="IOC\PEAnalyzer\PeReader.c">
      <Filter>IOC\PEAnalyzer</Filter>
    </ClCompile>
    <ClCompile Include="IOC\PEAnalyzer\PeValidate.c">
      <Filter>IOC\PEAnalyzer</Filter>
    </ClCompile>
    <ClCompile Include="IOA\Tier1\T1ShellcodeDetect.c">
      <Filter>IOA\Tier1</Filter>
    </ClCompile>
    <!-- AccessControl 自防护子系统 (agent 侧, 2026-09-05 与 vcxproj 同步) -->
    <ClCompile Include="AccessControl\AntiDebug.c">
      <Filter>AccessControl</Filter>
    </ClCompile>
    <ClCompile Include="AccessControl\MemoryProtection.c">
      <Filter>AccessControl</Filter>
    </ClCompile>
    <ClCompile Include="AccessControl\ProcessProtection.c">
      <Filter>AccessControl</Filter>
    </ClCompile>
    <ClCompile Include="AccessControl\AccessControlEngine.c">
      <Filter>AccessControl</Filter>
    </ClCompile>
    <ClCompile Include="AccessControl\RegistryProtection.c">
      <Filter>AccessControl</Filter>
    </ClCompile>
    <!-- Registry 子系统 (2026-09 与 vcxproj 同步补齐) -->
    <ClCompile Include="Registry\PersistenceDetector.c">
      <Filter>Registry</Filter>
    </ClCompile>
    <ClCompile Include="Registry\RegistryAnalyzer.c">
      <Filter>Registry</Filter>
    </ClCompile>
    <ClCompile Include="Registry\RegistryMonitor.c">
      <Filter>Registry</Filter>
    </ClCompile>
    <ClCompile Include="Registry\StartupAnalyzer.c">
      <Filter>Registry</Filter>
    </ClCompile>
    <ClCompile Include="Registry\SystemSettingsMonitor.c">
      <Filter>Registry</Filter>
    </ClCompile>
    <ClCompile Include="Registry\RegistrySubsystem.c">
      <Filter>Registry</Filter>
    </ClCompile>
    <!-- ETW 消费者 (2026-09 与 vcxproj 同步补齐) -->
    <ClCompile Include="ETW\EtwConsumer.c">
      <Filter>ETW</Filter>
    </ClCompile>
    <!-- AntiEvasio 规避检测模块 (迁移自 ShadowStrike EvasionDetector 家族, 2026-09-14) -->
    <ClCompile Include="AntiEvasio\DebuggerEvasionDetector.c">
      <Filter>AntiEvasio</Filter>
    </ClCompile>
    <ClCompile Include="AntiEvasio\EnvironmentEvasionDetector.c">
      <Filter>AntiEvasio</Filter>
    </ClCompile>
    <ClCompile Include="AntiEvasio\PackerDetector.c">
      <Filter>AntiEvasio</Filter>
    </ClCompile>
    <ClCompile Include="AntiEvasio\ProcessEvasionDetector.c">
      <Filter>AntiEvasio</Filter>
    </ClCompile>
    <ClCompile Include="AntiEvasio\SandboxEvasionDetector.c">
      <Filter>AntiEvasio</Filter>
    </ClCompile>
    <ClCompile Include="AntiEvasio\TimeBasedEvasionDetector.c">
      <Filter>AntiEvasio</Filter>
    </ClCompile>
  </ItemGroup>
  <ItemGroup>
    <ClInclude Include="DefendTypes.h">
      <Filter>头文件</Filter>
    </ClInclude>
    <ClInclude Include="Process\ProcessTypes.h">
      <Filter>Process</Filter>
    </ClInclude>
    <ClInclude Include="FileSystem\DirectoryMonitor.h">
      <Filter>FileSystem</Filter>
    </ClInclude>
    <ClInclude Include="FileSystem\FileLockManager.h">
      <Filter>FileSystem</Filter>
    </ClInclude>
    <ClInclude Include="FileSystem\MountPointMonitor.h">
      <Filter>FileSystem</Filter>
    </ClInclude>
    <ClInclude Include="process_manager.h">
      <Filter>头文件</Filter>
    </ClInclude>
    <ClInclude Include="log_manager.h">
      <Filter>头文件</Filter>
    </ClInclude>
    <ClInclude Include="system_manager.h">
      <Filter>头文件</Filter>
    </ClInclude>
    <ClInclude Include="tools.h">
      <Filter>头文件</Filter>
    </ClInclude>
    <ClInclude Include="NetworkFootprint.h">
      <Filter>头文件</Filter>
    </ClInclude>
    <ClInclude Include="ProcessThreads.h">
      <Filter>头文件</Filter>
    </ClInclude>
    <ClInclude Include="ProcessAnalyzer_DeadCode.h">
      <Filter>头文件</Filter>
    </ClInclude>
    <ClInclude Include="CmdLineAnalyzer.h">
      <Filter>头文件</Filter>
    </ClInclude>
    <ClInclude Include="TokenAnalyzer.h">
      <Filter>头文件</Filter>
    </ClInclude>
    <ClInclude Include="WkDefenderHeader.h">
      <Filter>头文件</Filter>
    </ClInclude>
    <ClInclude Include="Common\Utils.h">
      <Filter>Common</Filter>
    </ClInclude>
    <ClInclude Include="Common\FileUtils.h">
      <Filter>Common</Filter>
    </ClInclude>
    <ClInclude Include="Common\YaraUtils.h">
      <Filter>Common</Filter>
    </ClInclude>
    <ClInclude Include="Common\HashMap.h">
      <Filter>Common</Filter>
    </ClInclude>
    <ClInclude Include="Common\TextSanitize.h">
      <Filter>Common</Filter>
    </ClInclude>
    <ClInclude Include="Common\PathUtil.h">
      <Filter>Common</Filter>
    </ClInclude>
    <ClInclude Include="Common\TitaniumLimits.h">
      <Filter>Common</Filter>
    </ClInclude>
    <ClInclude Include="Common\BCrypUtils.h">
      <Filter>Common</Filter>
    </ClInclude>
    <ClInclude Include="IOC\IocEngine.h">
      <Filter>IOC</Filter>
    </ClInclude>
    <ClInclude Include="IOC\IocScanner.h">
      <Filter>IOC</Filter>
    </ClInclude>
    <ClInclude Include="IOC\Signature\SignatureCache.h">
      <Filter>IOC\Signature</Filter>
    </ClInclude>
    <ClInclude Include="IOC\Signature\SignatureCatalog.h">
      <Filter>IOC\Signature</Filter>
    </ClInclude>
    <ClInclude Include="IOC\Signature\SignatureDetails.h">
      <Filter>IOC\Signature</Filter>
    </ClInclude>
    <ClInclude Include="IOC\Signature\SignatureHunting.h">
      <Filter>IOC\Signature</Filter>
    </ClInclude>
    <ClInclude Include="IOC\Signature\SignatureReputation.h">
      <Filter>IOC\Signature</Filter>
    </ClInclude>
    <ClInclude Include="IOC\Signature\SignatureVerifier.h">
      <Filter>IOC\Signature</Filter>
    </ClInclude>
    <ClInclude Include="IOC\IocCertUtils.h">
      <Filter>IOC</Filter>
    </ClInclude>
    <ClInclude Include="IOC\IocYaraScanner.h">
      <Filter>IOC</Filter>
    </ClInclude>
    <ClInclude Include="IOC\IocTypes.h">
      <Filter>IOC</Filter>
    </ClInclude>
    <ClInclude Include="IOC\StringExtractor.h">
      <Filter>IOC</Filter>
    </ClInclude>
    <ClInclude Include="IOC\IocLolbinDb.h">
      <Filter>IOC</Filter>
    </ClInclude>
    <ClInclude Include="IOC\IocRegistryVector.h">
      <Filter>IOC</Filter>
    </ClInclude>
    <!-- Exempts 排除子系统头文件 (SS Whitelist 重构 2026-08-14, 档案 #67) -->
    <ClInclude Include="Common\Exempts\Exempts.h">
      <Filter>Common\Exempts</Filter>
    </ClInclude>
    <ClInclude Include="Common\Exempts\ExemptsInternal.h">
      <Filter>Common\Exempts</Filter>
    </ClInclude>
    <ClInclude Include="IOC\IocKnownDll.h">
      <Filter>IOC</Filter>
    </ClInclude>
    <ClInclude Include="IOA\IoaEngine.h">
      <Filter>IOA</Filter>
    </ClInclude>
    <ClInclude Include="IOA\Tier2\IoaFsmEngine.h">
      <Filter>IOA\Tier2</Filter>
    </ClInclude>
    <ClInclude Include="Process\ProcessTree.h">
      <Filter>Process</Filter>
    </ClInclude>
    <ClInclude Include="Process\ProcessSnapshot.h">
      <Filter>Process</Filter>
    </ClInclude>
    <ClInclude Include="Process\ProcessThread.h">
      <Filter>Process</Filter>
    </ClInclude>
    <ClInclude Include="Process\ProcessModule.h">
      <Filter>Process</Filter>
    </ClInclude>
    <ClInclude Include="Process\InjectionDetectorInternal.h">
      <Filter>Process</Filter>
    </ClInclude>
    <ClInclude Include="IOA\IoaGraphRingBuffer.h">
      <Filter>IOA</Filter>
    </ClInclude>
    <ClInclude Include="IOA\IoaCarsalGraph.h">
      <Filter>IOA</Filter>
    </ClInclude>
    <ClInclude Include="IOA\Tier3\IoaGraphMatcher.h">
      <Filter>IOA\Tier3</Filter>
    </ClInclude>
    <ClInclude Include="IOA\Tier3\IoaGraphWalker.h">
      <Filter>IOA\Tier3</Filter>
    </ClInclude>
    <ClInclude Include="IOA\Tier3\CausalAnalyzer.h">
      <Filter>IOA\Tier3</Filter>
    </ClInclude>
    <ClInclude Include="IOA\Tier3\CausalInference.h">
      <Filter>IOA\Tier3</Filter>
    </ClInclude>
    <ClInclude Include="IOA\Tier1\IoaRateAnalyzer.h">
      <Filter>IOA\Tier1</Filter>
    </ClInclude>
    <ClInclude Include="IOA\IoaThreatScorer.h">
      <Filter>IOA</Filter>
    </ClInclude>
    <ClInclude Include="IOA\IoaPersistQueue.h">
      <Filter>IOA</Filter>
    </ClInclude>
    <ClInclude Include="IOA\Tier1\Tier1Engine.h">
      <Filter>IOA\Tier1</Filter>
    </ClInclude>
    <ClInclude Include="IOA\Tier2\IoaTier2Backtrack.h">
      <Filter>IOA\Tier2</Filter>
    </ClInclude>
    <ClInclude Include="IOA\IoaMitreMapper.h">
      <Filter>IOA</Filter>
    </ClInclude>
    <ClInclude Include="IOA\IoaTypes.h">
      <Filter>IOA</Filter>
    </ClInclude>
    <ClInclude Include="IOA\IoaRansomwareDetect.h">
      <Filter>IOA</Filter>
    </ClInclude>
    <ClInclude Include="IOA\IoaHeapSprayDetect.h">
      <Filter>IOA</Filter>
    </ClInclude>
    <ClInclude Include="IOA\IoaVadTracker.h">
      <Filter>IOA</Filter>
    </ClInclude>
    <ClInclude Include="IOA\IoaRopDetect.h">
      <Filter>IOA</Filter>
    </ClInclude>
    <ClInclude Include="IOA\IoaPersistenceDetect.h">
      <Filter>IOA</Filter>
    </ClInclude>
    <ClInclude Include="IOA\IoaCredentialDetect.h">
      <Filter>IOA</Filter>
    </ClInclude>
    <ClInclude Include="IOA\IoaC2Detect.h">
      <Filter>IOA</Filter>
    </ClInclude>
    <ClInclude Include="IOA\IoaEvasionDetect.h">
      <Filter>IOA</Filter>
    </ClInclude>
    <ClInclude Include="IOA\IoaExfilDetect.h">
      <Filter>IOA</Filter>
    </ClInclude>
    <ClInclude Include="IOA\IoaLateralDetect.h">
      <Filter>IOA</Filter>
    </ClInclude>
    <ClInclude Include="IOA\PatternDetector\LpePatternDetector.h">
      <Filter>IOA\PatternDetector</Filter>
    </ClInclude>
    <ClInclude Include="IOA\PatternDetector\KedPatternDetector.h">
      <Filter>IOA\PatternDetector</Filter>
    </ClInclude>
    <ClInclude Include="IOA\PatternDetector\RopPatternDetector.h">
      <Filter>IOA\PatternDetector</Filter>
    </ClInclude>
    <ClInclude Include="IOA\PatternDetector\RopPatternDetectorHost.h">
      <Filter>IOA\PatternDetector</Filter>
    </ClInclude>
    <ClInclude Include="IOA\PatternDetector\SpdPatternDetector.h">
      <Filter>IOA\PatternDetector</Filter>
    </ClInclude>
    <ClInclude Include="IOA\PatternDetector\HeapSprayPatternDetector.h">
      <Filter>IOA\PatternDetector</Filter>
    </ClInclude>
    <ClInclude Include="IOA\PatternDetector\BufferOverflowPatternDetector.h">
      <Filter>IOA\PatternDetector</Filter>
    </ClInclude>
    <ClInclude Include="IOA\PatternDetector\JitSprayPatternDetector.h">
      <Filter>IOA\PatternDetector</Filter>
    </ClInclude>
    <ClInclude Include="PolicyEngine\PolicyEngine.h">
      <Filter>PolicyEngine</Filter>
    </ClInclude>
    <ClInclude Include="PolicyEngine\PolicyRules.h">
      <Filter>PolicyEngine</Filter>
    </ClInclude>
    <ClInclude Include="Storage\StorageEngine.h">
      <Filter>Storage</Filter>
    </ClInclude>
    <ClInclude Include="Storage\YaraRule.h">
      <Filter>Storage</Filter>
    </ClInclude>
    <ClInclude Include="Notification\AlpcService.h">
      <Filter>Notification</Filter>
    </ClInclude>
    <ClInclude Include="Notification\msg_queue.h">
      <Filter>Notification</Filter>
    </ClInclude>
    <ClInclude Include="Notification\NotificationService.h">
      <Filter>Notification</Filter>
    </ClInclude>
    <ClInclude Include="Notification\pipe_server.h">
      <Filter>Notification</Filter>
    </ClInclude>
    <ClInclude Include="Notification\EventParser.h">
      <Filter>Notification</Filter>
    </ClInclude>
    <ClInclude Include="Notification\EventTypes.h">
      <Filter>Notification</Filter>
    </ClInclude>
    <ClInclude Include="Notification\EventArchive.h">
      <Filter>Notification</Filter>
    </ClInclude>
    <ClInclude Include="Orchestrator\Engine.h">
      <Filter>Orchestrator</Filter>
    </ClInclude>
    <ClInclude Include="Orchestrator\VerdictEngine.h">
      <Filter>Orchestrator</Filter>
    </ClInclude>
    <ClInclude Include="IOA\IoaEdgeAggregate.h">
      <Filter>IOA</Filter>
    </ClInclude>
    <ClInclude Include="IOA\IoaProcessPair.h">
      <Filter>IOA</Filter>
    </ClInclude>
    <ClInclude Include="IOA\PairAnalysisContext.h">
      <Filter>IOA</Filter>
    </ClInclude>
    <ClInclude Include="IOA\IoaInjectionClassifier.h">
      <Filter>IOA</Filter>
    </ClInclude>
    <ClInclude Include="IOA\Tier3\Tier3Engine.h">
      <Filter>IOA\Tier3</Filter>
    </ClInclude>
    <ClInclude Include="Memory\MemorySignature.h">
      <Filter>Memory</Filter>
    </ClInclude>
    <ClInclude Include="Memory\MemoryScan.h">
      <Filter>Memory</Filter>
    </ClInclude>
    <ClInclude Include="Notification\YaraScanPort.h">
      <Filter>Notification</Filter>
    </ClInclude>
    <ClInclude Include="Driver\Install.h">
      <Filter>Driver</Filter>
    </ClInclude>
    <ClInclude Include="ScanManager.h">
      <Filter>头文件</Filter>
    </ClInclude>
    <ClInclude Include="FileSystem\FileSystemInternal.h">
      <Filter>FileSystem</Filter>
    </ClInclude>
    <ClInclude Include="Include\FileSystem\FileAnalyzer.h">
      <Filter>FileSystem</Filter>
    </ClInclude>
    <ClInclude Include="Include\Process\InjectionDetector.h">
      <Filter>Process</Filter>
    </ClInclude>
    <ClInclude Include="IOC\IocScriptScanner.h">
      <Filter>IOC</Filter>
    </ClInclude>
    <ClInclude Include="IOC\IocPolymorphicDetector.h">
      <Filter>IOC</Filter>
    </ClInclude>
    <ClInclude Include="IOC\IocZeroDayDetector.h">
      <Filter>IOC</Filter>
    </ClInclude>
    <ClInclude Include="IOC\IocEmulationEngine.h">
      <Filter>IOC</Filter>
    </ClInclude>
    <ClInclude Include="IOC\IocSandboxAnalyzer.h">
      <Filter>IOC</Filter>
    </ClInclude>
    <ClInclude Include="IOC\IocArchiveScanner.h">
      <Filter>IOC</Filter>
    </ClInclude>
    <ClInclude Include="IOC\IocProcessEnrich.h">
      <Filter>IOC</Filter>
    </ClInclude>
    <ClInclude Include="IOC\PEAnalyzer\PeAnalyzer.h">
      <Filter>IOC\PEAnalyzer</Filter>
    </ClInclude>
    <ClInclude Include="IOC\PEAnalyzer\PeInternal.h">
      <Filter>IOC\PEAnalyzer</Filter>
    </ClInclude>
    <ClInclude Include="IOC\PEAnalyzer\PeTypes.h">
      <Filter>IOC\PEAnalyzer</Filter>
    </ClInclude>
    <ClInclude Include="IOA\Tier1\T1ShellcodeDetect.h">
      <Filter>IOA\Tier1</Filter>
    </ClInclude>
    <!-- AccessControl 自防护子系统头文件 (2026-09-05 与 vcxproj 同步) -->
    <ClInclude Include="AccessControl\AntiDebug.h">
      <Filter>AccessControl</Filter>
    </ClInclude>
    <ClInclude Include="AccessControl\MemoryProtection.h">
      <Filter>AccessControl</Filter>
    </ClInclude>
    <ClInclude Include="AccessControl\ProcessProtection.h">
      <Filter>AccessControl</Filter>
    </ClInclude>
    <ClInclude Include="AccessControl\AccessControlEngine.h">
      <Filter>AccessControl</Filter>
    </ClInclude>
    <ClInclude Include="AccessControl\RegistryProtection.h">
      <Filter>AccessControl</Filter>
    </ClInclude>
    <!-- Registry 子系统头文件 (2026-09-15 公共头 Registry.h 并入 RegistryInternal.h, 已删除) -->
    <ClInclude Include="Registry\RegistryInternal.h">
      <Filter>Registry</Filter>
    </ClInclude>
    <!-- ETW 消费者头文件 (2026-09 与 vcxproj 同步补齐) -->
    <ClInclude Include="ETW\EtwConsumer.h">
      <Filter>ETW</Filter>
    </ClInclude>
    <!-- 遗漏登记头文件补齐 (2026-09-14) -->
    <ClInclude Include="Common\YaraProtocol.h">
      <Filter>Common</Filter>
    </ClInclude>
    <ClInclude Include="IOC\IocMatcher.h">
      <Filter>IOC</Filter>
    </ClInclude>
    <ClInclude Include="IOC\IocMatcherMatch.h">
      <Filter>IOC</Filter>
    </ClInclude>
    <ClInclude Include="IOC\IocMatcherTypes.h">
      <Filter>IOC</Filter>
    </ClInclude>
    <ClInclude Include="IOC\DotNetAnalyzer.h">
      <Filter>IOC</Filter>
    </ClInclude>
    <ClInclude Include="IOC\ImageAnalyzer\ImageAnalyzer.h">
      <Filter>IOC\ImageAnalyzer</Filter>
    </ClInclude>
    <ClInclude Include="IOA\Tier3\T3AttackChain.h">
      <Filter>IOA\Tier3</Filter>
    </ClInclude>
    <!-- AntiEvasio 规避检测模块头文件 (迁移自 ShadowStrike, 2026-09-14) -->
    <ClInclude Include="AntiEvasio\DebuggerEvasionDetector.h">
      <Filter>AntiEvasio</Filter>
    </ClInclude>
    <ClInclude Include="AntiEvasio\EnvironmentEvasionDetector.h">
      <Filter>AntiEvasio</Filter>
    </ClInclude>
    <ClInclude Include="AntiEvasio\PackerDetector.h">
      <Filter>AntiEvasio</Filter>
    </ClInclude>
    <ClInclude Include="AntiEvasio\ProcessEvasionDetector.h">
      <Filter>AntiEvasio</Filter>
    </ClInclude>
    <ClInclude Include="AntiEvasio\SandboxEvasionDetector.h">
      <Filter>AntiEvasio</Filter>
    </ClInclude>
    <ClInclude Include="AntiEvasio\TimeBasedEvasionDetector.h">
      <Filter>AntiEvasio</Filter>
    </ClInclude>
  </ItemGroup>
</Project>